
Microsoft Visual Studio Solution File, Format Version 12.00
# Visual Studio 2013
VisualStudioVersion = 12.0.21005.1
MinimumVisualStudioVersion = 10.0.40219.1
Project("{8BC9CEB8-8B4A-11D0-8D11-00A0C91BC942}") = "FactoryMethod", "FactoryMethod\FactoryMethod.vcxproj", "{A905DA88-82F1-4863-ADD0-0AD300E74B24}"
EndProject
Project("{8BC9CEB8-8B4A-11D0-8D11-00A0C91BC942}") = "AbstractFactory", "AbstractFactory\AbstractFactory.vcxproj", "{0FE530DD-55AA-450E-AECE-57A3A9BF721B}"
EndProject
Project("{8BC9CEB8-8B4A-11D0-8D11-00A0C91BC942}") = "Builder", "Builder\Builder.vcxproj", "{A86E0F17-29F9-4CC0-A2A3-9FB641EDB29F}"
EndProject
Global
	GlobalSection(SolutionConfigurationPlatforms) = preSolution
		Debug|Win32 = Debug|Win32
		Release|Win32 = Release|Win32
	EndGlobalSection
	GlobalSection(ProjectConfigurationPlatforms) = postSolution
		{A905DA88-82F1-4863-ADD0-0AD300E74B24}.Debug|Win32.ActiveCfg = Debug|Win32
		{A905DA88-82F1-4863-ADD0-0AD300E74B24}.Debug|Win32.Build.0 = Debug|Win32
		{A905DA88-82F1-4863-ADD0-0AD300E74B24}.Release|Win32.ActiveCfg = Release|Win32
		{A905DA88-82F1-4863-ADD0-0AD300E74B24}.Release|Win32.Build.0 = Release|Win32
		{0FE530DD-55AA-450E-AECE-57A3A9BF721B}.Debug|Win32.ActiveCfg = Debug|Win32
		{0FE530DD-55AA-450E-AECE-57A3A9BF721B}.Debug|Win32.Build.0 = Debug|Win32
		{0FE530DD-55AA-450E-AECE-57A3A9BF721B}.Release|Win32.ActiveCfg = Release|Win32
		{0FE530DD-55AA-450E-AECE-57A3A9BF721B}.Release|Win32.Build.0 = Release|Win32
		{A86E0F17-29F9-4CC0-A2A3-9FB641EDB29F}.Debug|Win32.ActiveCfg = Debug|Win32
		{A86E0F17-29F9-4CC0-A2A3-9FB641EDB29F}.Debug|Win32.Build.0 = Debug|Win32
		{A86E0F17-29F9-4CC0-A2A3-9FB641EDB29F}.Release|Win32.ActiveCfg = Release|Win32
		{A86E0F17-29F9-4CC0-A2A3-9FB641EDB29F}.Release|Win32.Build.0 = Release|Win32
	EndGlobalSection
	GlobalSection(SolutionProperties) = preSolution
		HideSolutionNode = FALSE
	EndGlobalSection
EndGlobal
